Microsoft Visual Studio Solution File, Format Version 12.00
# Visual Studio Version 17
VisualStudioVersion = 17.5.2.0
MinimumVisualStudioVersion = 10.0.40219.1
Project("{FAE04EC0-301F-11D3-BF4B-00C04F79EFBC}") = "dockerize_net_application", "dockerize_net_application.csproj", "{BB78B376-2AD4-397E-CEE9-BFD8E9A59317}"
EndProject
Global
	GlobalSection(SolutionConfigurationPlatforms) = preSolution
		Debug|Any CPU = Debug|Any CPU
		Release|Any CPU = Release|Any CPU
	EndGlobalSection
	GlobalSection(ProjectConfigurationPlatforms) = postSolution
		{BB78B376-2AD4-397E-CEE9-BFD8E9A59317}.Debug|Any CPU.ActiveCfg = Debug|Any CPU
		{BB78B376-2AD4-397E-CEE9-BFD8E9A59317}.Debug|Any CPU.Build.0 = Debug|Any CPU
		{BB78B376-2AD4-397E-CEE9-BFD8E9A59317}.Release|Any CPU.ActiveCfg = Release|Any CPU
		{BB78B376-2AD4-397E-CEE9-BFD8E9A59317}.Release|Any CPU.Build.0 = Release|Any CPU
	EndGlobalSection
	GlobalSection(SolutionProperties) = preSolution
		HideSolutionNode = FALSE
	EndGlobalSection
	GlobalSection(ExtensibilityGlobals) = postSolution
		SolutionGuid = {FF86BD2F-922A-46AF-B09C-4283A460003D}
	EndGlobalSection
EndGlobal
