Microsoft Visual Studio Solution File, Format Version 12.00
# Visual Studio Version 17
VisualStudioVersion = 17.5.2.0
MinimumVisualStudioVersion = 10.0.40219.1
Project("{FAE04EC0-301F-11D3-BF4B-00C04F79EFBC}") = "duplicate_array", "duplicate_array\duplicate_array.csproj", "{194722C8-0EE6-4B59-3AA5-D219DB811069}"
EndProject
Global
	GlobalSection(SolutionConfigurationPlatforms) = preSolution
		Debug|Any CPU = Debug|Any CPU
		Release|Any CPU = Release|Any CPU
	EndGlobalSection
	GlobalSection(ProjectConfigurationPlatforms) = postSolution
		{194722C8-0EE6-4B59-3AA5-D219DB811069}.Debug|Any CPU.ActiveCfg = Debug|Any CPU
		{194722C8-0EE6-4B59-3AA5-D219DB811069}.Debug|Any CPU.Build.0 = Debug|Any CPU
		{194722C8-0EE6-4B59-3AA5-D219DB811069}.Release|Any CPU.ActiveCfg = Release|Any CPU
		{194722C8-0EE6-4B59-3AA5-D219DB811069}.Release|Any CPU.Build.0 = Release|Any CPU
	EndGlobalSection
	GlobalSection(SolutionProperties) = preSolution
		HideSolutionNode = FALSE
	EndGlobalSection
	GlobalSection(ExtensibilityGlobals) = postSolution
		SolutionGuid = {207155F1-AACD-45A4-8CF8-B46975F33170}
	EndGlobalSection
EndGlobal
